github.com/emersion/go-imap/v2 v2.0.0-beta.8 h1:5IXZK1E33DyeP526320J3RS7eFlCYGFgtbrfapqDPug=
github.com/emersion/go-imap/v2 v2.0.0-beta.8/go.mod h1:dhoFe2Q0PwLrMD7oZw8ODuaD0vLYPe5uj2wcOMnvh48=
github.com/joho/godotenv v1.5.1 h1:7eLL/+HRGLY0ldzfGMeQkb7vMd0as4CfYvUVzLqw0N0=
github.com/joho/godotenv v1.5.1/go.mod h1:f4LDr5Voq0i2e/R5DDNOoa2zzDfwtkZa6DnEwAbqwq4=
